lockfileVersion: '9.0'

settings:
  autoInstallPeers: true
  excludeLinksFromLockfile: false

importers:

  .:
    devDependencies:
      '@vue/runtime-core':
        specifier: ^3.4.27
        version: 3.4.27
      reactive-vscode:
        specifier: link:..
        version: link:..

packages:

  '@vue/reactivity@3.4.27':
    resolution: {integrity: sha512-kK0g4NknW6JX2yySLpsm2jlunZJl2/RJGZ0H9ddHdfBVHcNzxmQ0sS0b09ipmBoQpY8JM2KmUw+a6sO8Zo+zIA==}

  '@vue/runtime-core@3.4.27':
    resolution: {integrity: sha512-7aYA9GEbOOdviqVvcuweTLe5Za4qBZkUY7SvET6vE8kyypxVgaT1ixHLg4urtOlrApdgcdgHoTZCUuTGap/5WA==}

  '@vue/shared@3.4.27':
    resolution: {integrity: sha512-DL3NmY2OFlqmYYrzp39yi3LDkKxa5vZVwxWdQ3rG0ekuWscHraeIbnI8t+aZK7qhYqEqWKTUdijadunb9pnrgA==}

snapshots:

  '@vue/reactivity@3.4.27':
    dependencies:
      '@vue/shared': 3.4.27

  '@vue/runtime-core@3.4.27':
    dependencies:
      '@vue/reactivity': 3.4.27
      '@vue/shared': 3.4.27

  '@vue/shared@3.4.27': {}
